
Microsoft Visual Studio Solution File, Format Version 12.00
# Visual Studio Version 17
VisualStudioVersion = 17.9.34622.214
MinimumVisualStudioVersion = 10.0.40219.1
Project("{9A19103F-16F7-4668-BE54-9A1E7A4F7556}") = "Atendimento_API", "Atendimento_API.csproj", "{9E540EBC-5A32-4E73-98B3-30982B47777F}"
EndProject
Global
	GlobalSection(SolutionConfigurationPlatforms) = preSolution
		Debug|Any CPU = Debug|Any CPU
		Release|Any CPU = Release|Any CPU
	EndGlobalSection
	GlobalSection(ProjectConfigurationPlatforms) = postSolution
		{9E540EBC-5A32-4E73-98B3-30982B47777F}.Debug|Any CPU.ActiveCfg = Debug|Any CPU
		{9E540EBC-5A32-4E73-98B3-30982B47777F}.Debug|Any CPU.Build.0 = Debug|Any CPU
		{9E540EBC-5A32-4E73-98B3-30982B47777F}.Release|Any CPU.ActiveCfg = Release|Any CPU
		{9E540EBC-5A32-4E73-98B3-30982B47777F}.Release|Any CPU.Build.0 = Release|Any CPU
	EndGlobalSection
	GlobalSection(SolutionProperties) = preSolution
		HideSolutionNode = FALSE
	EndGlobalSection
	GlobalSection(ExtensibilityGlobals) = postSolution
		SolutionGuid = {38761187-5312-4297-8FFB-3A81D7D65DFF}
	EndGlobalSection
EndGlobal
